
Microsoft Visual Studio Solution File, Format Version 12.00
# Visual Studio Version 17
VisualStudioVersion = 17.9.34723.18
MinimumVisualStudioVersion = 10.0.40219.1
Project("{2150E333-8FDC-42A3-9474-1A3956D46DE8}") = "src", "src", "{58526044-8E95-4B53-BC70-E88F09659A7C}"
EndProject
Project("{2150E333-8FDC-42A3-9474-1A3956D46DE8}") = "tests", "tests", "{F2BF7BB1-1A5F-4EB1-A6CA-F713B3D48F34}"
EndProject
Project("{FAE04EC0-301F-11D3-BF4B-00C04F79EFBC}") = "SimplyCharacters.Abstract", "src\SimplyCharacters.Abstract\SimplyCharacters.Abstract.csproj", "{AA59DEC0-ED4A-481E-9781-A9A7A3860F23}"
EndProject
Project("{FAE04EC0-301F-11D3-BF4B-00C04F79EFBC}") = "SimplyCharacters.Tests.Unit", "tests\SimplyCharacters.Tests.Unit\SimplyCharacters.Tests.Unit.csproj", "{C41A64D0-2F23-4C09-BCC6-F3512E7584A3}"
EndProject
Project("{2150E333-8FDC-42A3-9474-1A3956D46DE8}") = "SystemDefinitions", "SystemDefinitions", "{A3D64C46-C234-4F5B-81FE-871483B0B101}"
EndProject
Project("{2150E333-8FDC-42A3-9474-1A3956D46DE8}") = "D&D", "D&D", "{0A2BC802-70DC-41C9-9643-FAEF00326B58}"
	ProjectSection(SolutionItems) = preProject
		src\SystemDefinitions\D&D\CharacterAttributes.yaml = src\SystemDefinitions\D&D\CharacterAttributes.yaml
	EndProjectSection
EndProject
Global
	GlobalSection(SolutionConfigurationPlatforms) = preSolution
		Debug|Any CPU = Debug|Any CPU
		Release|Any CPU = Release|Any CPU
	EndGlobalSection
	GlobalSection(ProjectConfigurationPlatforms) = postSolution
		{AA59DEC0-ED4A-481E-9781-A9A7A3860F23}.Debug|Any CPU.ActiveCfg = Debug|Any CPU
		{AA59DEC0-ED4A-481E-9781-A9A7A3860F23}.Debug|Any CPU.Build.0 = Debug|Any CPU
		{AA59DEC0-ED4A-481E-9781-A9A7A3860F23}.Release|Any CPU.ActiveCfg = Release|Any CPU
		{AA59DEC0-ED4A-481E-9781-A9A7A3860F23}.Release|Any CPU.Build.0 = Release|Any CPU
		{C41A64D0-2F23-4C09-BCC6-F3512E7584A3}.Debug|Any CPU.ActiveCfg = Debug|Any CPU
		{C41A64D0-2F23-4C09-BCC6-F3512E7584A3}.Debug|Any CPU.Build.0 = Debug|Any CPU
		{C41A64D0-2F23-4C09-BCC6-F3512E7584A3}.Release|Any CPU.ActiveCfg = Release|Any CPU
		{C41A64D0-2F23-4C09-BCC6-F3512E7584A3}.Release|Any CPU.Build.0 = Release|Any CPU
	EndGlobalSection
	GlobalSection(SolutionProperties) = preSolution
		HideSolutionNode = FALSE
	EndGlobalSection
	GlobalSection(NestedProjects) = preSolution
		{AA59DEC0-ED4A-481E-9781-A9A7A3860F23} = {58526044-8E95-4B53-BC70-E88F09659A7C}
		{C41A64D0-2F23-4C09-BCC6-F3512E7584A3} = {F2BF7BB1-1A5F-4EB1-A6CA-F713B3D48F34}
		{A3D64C46-C234-4F5B-81FE-871483B0B101} = {58526044-8E95-4B53-BC70-E88F09659A7C}
		{0A2BC802-70DC-41C9-9643-FAEF00326B58} = {A3D64C46-C234-4F5B-81FE-871483B0B101}
	EndGlobalSection
	GlobalSection(ExtensibilityGlobals) = postSolution
		SolutionGuid = {60C04C67-6555-4DD4-80C4-197917321E08}
	EndGlobalSection
EndGlobal
